{
  "version": 4,
  "terraform_version": "0.15.1",
  "serial": 3,
  "lineage": "e4fb5b45-7aa3-5cc6-8d8c-388e4f376224",
  "outputs": {},
  "resources": [
    {
      "mode": "managed",
      "type": "azurerm_resource_group",
      "name": "terragruntvnet",
      "provider": "provider[\"registry.terraform.io/hashicorp/azurerm\"]",
      "instances": [
        {
          "schema_version": 0,
          "attributes": {
            "id": "/subscriptions/18d080be-3560-4582-9fff-ff49e1b5bfd7/resourceGroups/RG-vnet",
            "location": "eastus",
            "name": "RG-vnet",
            "tags": null,
            "timeouts": null
          },
          "sensitive_attributes": [],
          "private": "eyJlMmJmYjczMC1lY2FhLTExZTYtOGY4OC0zNDM2M2JjN2M0YzAiOnsiY3JlYXRlIjo1NDAwMDAwMDAwMDAwLCJkZWxldGUiOjU0MDAwMDAwMDAwMDAsInJlYWQiOjMwMDAwMDAwMDAwMCwidXBkYXRlIjo1NDAwMDAwMDAwMDAwfX0="
        }
      ]
    },
    {
      "mode": "managed",
      "type": "azurerm_virtual_network",
      "name": "terragruntvnet",
      "provider": "provider[\"registry.terraform.io/hashicorp/azurerm\"]",
      "instances": [
        {
          "schema_version": 0,
          "attributes": {
            "address_space": [
              "10.0.0.0/16"
            ],
            "bgp_community": "",
            "ddos_protection_plan": [],
            "dns_servers": [
              "10.0.0.4",
              "10.0.0.5"
            ],
            "guid": "aea2daf6-beb6-4de3-9beb-340bf667c148",
            "id": "/subscriptions/18d080be-3560-4582-9fff-ff49e1b5bfd7/resourceGroups/RG-vnet/providers/Microsoft.Network/virtualNetworks/virtualNetwork1",
            "location": "eastus",
            "name": "virtualNetwork1",
            "resource_group_name": "RG-vnet",
            "subnet": [
              {
                "address_prefix": "10.0.1.0/24",
                "id": "/subscriptions/18d080be-3560-4582-9fff-ff49e1b5bfd7/resourceGroups/RG-vnet/providers/Microsoft.Network/virtualNetworks/virtualNetwork1/subnets/publicsubnet1",
                "name": "publicsubnet1",
                "security_group": ""
              },
              {
                "address_prefix": "10.0.2.0/24",
                "id": "/subscriptions/18d080be-3560-4582-9fff-ff49e1b5bfd7/resourceGroups/RG-vnet/providers/Microsoft.Network/virtualNetworks/virtualNetwork1/subnets/publicsubnet2",
                "name": "publicsubnet2",
                "security_group": ""
              },
              {
                "address_prefix": "10.0.3.0/24",
                "id": "/subscriptions/18d080be-3560-4582-9fff-ff49e1b5bfd7/resourceGroups/RG-vnet/providers/Microsoft.Network/virtualNetworks/virtualNetwork1/subnets/privatesubnet1",
                "name": "privatesubnet1",
                "security_group": ""
              },
              {
                "address_prefix": "10.0.4.0/24",
                "id": "/subscriptions/18d080be-3560-4582-9fff-ff49e1b5bfd7/resourceGroups/RG-vnet/providers/Microsoft.Network/virtualNetworks/virtualNetwork1/subnets/privatesubnet2",
                "name": "privatesubnet2",
                "security_group": ""
              }
            ],
            "tags": {
              "environment": "sreelalvnet"
            },
            "timeouts": null,
            "vm_protection_enabled": false
          },
          "sensitive_attributes": [],
          "private": "eyJlMmJmYjczMC1lY2FhLTExZTYtOGY4OC0zNDM2M2JjN2M0YzAiOnsiY3JlYXRlIjoxODAwMDAwMDAwMDAwLCJkZWxldGUiOjE4MDAwMDAwMDAwMDAsInJlYWQiOjMwMDAwMDAwMDAwMCwidXBkYXRlIjoxODAwMDAwMDAwMDAwfX0=",
          "dependencies": [
            "azurerm_resource_group.terragruntvnet"
          ]
        }
      ]
    }
  ]
}
